
Microsoft Visual Studio Solution File, Format Version 12.00
# Visual Studio Version 16
VisualStudioVersion = 16.0.30114.105
MinimumVisualStudioVersion = 10.0.40219.1
Project("{FAE04EC0-301F-11D3-BF4B-00C04F79EFBC}") = "API", "API\API.csproj", "{E0F7C466-5CEB-4D9B-ABF8-08E6C8406B70}"
EndProject
Project("{FAE04EC0-301F-11D3-BF4B-00C04F79EFBC}") = "Application", "Application\Application.csproj", "{619FE374-459B-4D6F-94DB-5690614EBE5F}"
EndProject
Project("{FAE04EC0-301F-11D3-BF4B-00C04F79EFBC}") = "Persistence", "Persistence\Persistence.csproj", "{8F703908-0327-4F8B-914C-B6297FE482B5}"
EndProject
Project("{FAE04EC0-301F-11D3-BF4B-00C04F79EFBC}") = "Domain", "Domain\Domain.csproj", "{253345D5-08A9-4FD0-A04A-010D69567FD2}"
EndProject
Global
	GlobalSection(SolutionConfigurationPlatforms) = preSolution
		Debug|Any CPU = Debug|Any CPU
		Debug|x64 = Debug|x64
		Debug|x86 = Debug|x86
		Release|Any CPU = Release|Any CPU
		Release|x64 = Release|x64
		Release|x86 = Release|x86
	EndGlobalSection
	GlobalSection(SolutionProperties) = preSolution
		HideSolutionNode = FALSE
	EndGlobalSection
	GlobalSection(ProjectConfigurationPlatforms) = postSolution
		{E0F7C466-5CEB-4D9B-ABF8-08E6C8406B70}.Debug|Any CPU.ActiveCfg = Debug|Any CPU
		{E0F7C466-5CEB-4D9B-ABF8-08E6C8406B70}.Debug|Any CPU.Build.0 = Debug|Any CPU
		{E0F7C466-5CEB-4D9B-ABF8-08E6C8406B70}.Debug|x64.ActiveCfg = Debug|Any CPU
		{E0F7C466-5CEB-4D9B-ABF8-08E6C8406B70}.Debug|x64.Build.0 = Debug|Any CPU
		{E0F7C466-5CEB-4D9B-ABF8-08E6C8406B70}.Debug|x86.ActiveCfg = Debug|Any CPU
		{E0F7C466-5CEB-4D9B-ABF8-08E6C8406B70}.Debug|x86.Build.0 = Debug|Any CPU
		{E0F7C466-5CEB-4D9B-ABF8-08E6C8406B70}.Release|Any CPU.ActiveCfg = Release|Any CPU
		{E0F7C466-5CEB-4D9B-ABF8-08E6C8406B70}.Release|Any CPU.Build.0 = Release|Any CPU
		{E0F7C466-5CEB-4D9B-ABF8-08E6C8406B70}.Release|x64.ActiveCfg = Release|Any CPU
		{E0F7C466-5CEB-4D9B-ABF8-08E6C8406B70}.Release|x64.Build.0 = Release|Any CPU
		{E0F7C466-5CEB-4D9B-ABF8-08E6C8406B70}.Release|x86.ActiveCfg = Release|Any CPU
		{E0F7C466-5CEB-4D9B-ABF8-08E6C8406B70}.Release|x86.Build.0 = Release|Any CPU
		{619FE374-459B-4D6F-94DB-5690614EBE5F}.Debug|Any CPU.ActiveCfg = Debug|Any CPU
		{619FE374-459B-4D6F-94DB-5690614EBE5F}.Debug|Any CPU.Build.0 = Debug|Any CPU
		{619FE374-459B-4D6F-94DB-5690614EBE5F}.Debug|x64.ActiveCfg = Debug|Any CPU
		{619FE374-459B-4D6F-94DB-5690614EBE5F}.Debug|x64.Build.0 = Debug|Any CPU
		{619FE374-459B-4D6F-94DB-5690614EBE5F}.Debug|x86.ActiveCfg = Debug|Any CPU
		{619FE374-459B-4D6F-94DB-5690614EBE5F}.Debug|x86.Build.0 = Debug|Any CPU
		{619FE374-459B-4D6F-94DB-5690614EBE5F}.Release|Any CPU.ActiveCfg = Release|Any CPU
		{619FE374-459B-4D6F-94DB-5690614EBE5F}.Release|Any CPU.Build.0 = Release|Any CPU
		{619FE374-459B-4D6F-94DB-5690614EBE5F}.Release|x64.ActiveCfg = Release|Any CPU
		{619FE374-459B-4D6F-94DB-5690614EBE5F}.Release|x64.Build.0 = Release|Any CPU
		{619FE374-459B-4D6F-94DB-5690614EBE5F}.Release|x86.ActiveCfg = Release|Any CPU
		{619FE374-459B-4D6F-94DB-5690614EBE5F}.Release|x86.Build.0 = Release|Any CPU
		{8F703908-0327-4F8B-914C-B6297FE482B5}.Debug|Any CPU.ActiveCfg = Debug|Any CPU
		{8F703908-0327-4F8B-914C-B6297FE482B5}.Debug|Any CPU.Build.0 = Debug|Any CPU
		{8F703908-0327-4F8B-914C-B6297FE482B5}.Debug|x64.ActiveCfg = Debug|Any CPU
		{8F703908-0327-4F8B-914C-B6297FE482B5}.Debug|x64.Build.0 = Debug|Any CPU
		{8F703908-0327-4F8B-914C-B6297FE482B5}.Debug|x86.ActiveCfg = Debug|Any CPU
		{8F703908-0327-4F8B-914C-B6297FE482B5}.Debug|x86.Build.0 = Debug|Any CPU
		{8F703908-0327-4F8B-914C-B6297FE482B5}.Release|Any CPU.ActiveCfg = Release|Any CPU
		{8F703908-0327-4F8B-914C-B6297FE482B5}.Release|Any CPU.Build.0 = Release|Any CPU
		{8F703908-0327-4F8B-914C-B6297FE482B5}.Release|x64.ActiveCfg = Release|Any CPU
		{8F703908-0327-4F8B-914C-B6297FE482B5}.Release|x64.Build.0 = Release|Any CPU
		{8F703908-0327-4F8B-914C-B6297FE482B5}.Release|x86.ActiveCfg = Release|Any CPU
		{8F703908-0327-4F8B-914C-B6297FE482B5}.Release|x86.Build.0 = Release|Any CPU
		{253345D5-08A9-4FD0-A04A-010D69567FD2}.Debug|Any CPU.ActiveCfg = Debug|Any CPU
		{253345D5-08A9-4FD0-A04A-010D69567FD2}.Debug|Any CPU.Build.0 = Debug|Any CPU
		{253345D5-08A9-4FD0-A04A-010D69567FD2}.Debug|x64.ActiveCfg = Debug|Any CPU
		{253345D5-08A9-4FD0-A04A-010D69567FD2}.Debug|x64.Build.0 = Debug|Any CPU
		{253345D5-08A9-4FD0-A04A-010D69567FD2}.Debug|x86.ActiveCfg = Debug|Any CPU
		{253345D5-08A9-4FD0-A04A-010D69567FD2}.Debug|x86.Build.0 = Debug|Any CPU
		{253345D5-08A9-4FD0-A04A-010D69567FD2}.Release|Any CPU.ActiveCfg = Release|Any CPU
		{253345D5-08A9-4FD0-A04A-010D69567FD2}.Release|Any CPU.Build.0 = Release|Any CPU
		{253345D5-08A9-4FD0-A04A-010D69567FD2}.Release|x64.ActiveCfg = Release|Any CPU
		{253345D5-08A9-4FD0-A04A-010D69567FD2}.Release|x64.Build.0 = Release|Any CPU
		{253345D5-08A9-4FD0-A04A-010D69567FD2}.Release|x86.ActiveCfg = Release|Any CPU
		{253345D5-08A9-4FD0-A04A-010D69567FD2}.Release|x86.Build.0 = Release|Any CPU
	EndGlobalSection
EndGlobal
